
Microsoft Visual Studio Solution File, Format Version 12.00
Project("{FAE04EC0-301F-11D3-BF4B-00C04F79EFBC}") = "AsyncAwait1", "AsyncAwait1\AsyncAwait1.csproj", "{2F894BEF-A07B-4698-96A8-BCB4AFCC3FEA}"
EndProject
Global
	GlobalSection(SolutionConfigurationPlatforms) = preSolution
		Debug|Any CPU = Debug|Any CPU
		Release|Any CPU = Release|Any CPU
	EndGlobalSection
	GlobalSection(ProjectConfigurationPlatforms) = postSolution
		{2F894BEF-A07B-4698-96A8-BCB4AFCC3FEA}.Debug|Any CPU.ActiveCfg = Debug|Any CPU
		{2F894BEF-A07B-4698-96A8-BCB4AFCC3FEA}.Debug|Any CPU.Build.0 = Debug|Any CPU
		{2F894BEF-A07B-4698-96A8-BCB4AFCC3FEA}.Release|Any CPU.ActiveCfg = Release|Any CPU
		{2F894BEF-A07B-4698-96A8-BCB4AFCC3FEA}.Release|Any CPU.Build.0 = Release|Any CPU
	EndGlobalSection
EndGlobal
